
Microsoft Visual Studio Solution File, Format Version 12.00
# Visual Studio Version 16
VisualStudioVersion = 16.0.29424.173
MinimumVisualStudioVersion = 10.0.40219.1
Project("{FAE04EC0-301F-11D3-BF4B-00C04F79EFBC}") = "Hetu 1.1", "Hetu 1.1\Hetu 1.1.csproj", "{54930F7E-3566-42B8-A134-6A79B20CF458}"
EndProject
Global
	GlobalSection(SolutionConfigurationPlatforms) = preSolution
		Debug|Any CPU = Debug|Any CPU
		Release|Any CPU = Release|Any CPU
	EndGlobalSection
	GlobalSection(ProjectConfigurationPlatforms) = postSolution
		{54930F7E-3566-42B8-A134-6A79B20CF458}.Debug|Any CPU.ActiveCfg = Debug|Any CPU
		{54930F7E-3566-42B8-A134-6A79B20CF458}.Debug|Any CPU.Build.0 = Debug|Any CPU
		{54930F7E-3566-42B8-A134-6A79B20CF458}.Release|Any CPU.ActiveCfg = Release|Any CPU
		{54930F7E-3566-42B8-A134-6A79B20CF458}.Release|Any CPU.Build.0 = Release|Any CPU
	EndGlobalSection
	GlobalSection(SolutionProperties) = preSolution
		HideSolutionNode = FALSE
	EndGlobalSection
	GlobalSection(ExtensibilityGlobals) = postSolution
		SolutionGuid = {258F0952-0100-4CDA-9423-FA9B7ADA38CF}
	EndGlobalSection
EndGlobal
