
Microsoft Visual Studio Solution File, Format Version 12.00
# Visual Studio Version 16
VisualStudioVersion = 16.0.29424.173
MinimumVisualStudioVersion = 10.0.40219.1
Project("{FAE04EC0-301F-11D3-BF4B-00C04F79EFBC}") = "ArrayExample 2", "ArrayExample 2\ArrayExample 2.csproj", "{F0AC3716-CB38-45D6-BFC0-EFE0572E2936}"
EndProject
Global
	GlobalSection(SolutionConfigurationPlatforms) = preSolution
		Debug|Any CPU = Debug|Any CPU
		Release|Any CPU = Release|Any CPU
	EndGlobalSection
	GlobalSection(ProjectConfigurationPlatforms) = postSolution
		{F0AC3716-CB38-45D6-BFC0-EFE0572E2936}.Debug|Any CPU.ActiveCfg = Debug|Any CPU
		{F0AC3716-CB38-45D6-BFC0-EFE0572E2936}.Debug|Any CPU.Build.0 = Debug|Any CPU
		{F0AC3716-CB38-45D6-BFC0-EFE0572E2936}.Release|Any CPU.ActiveCfg = Release|Any CPU
		{F0AC3716-CB38-45D6-BFC0-EFE0572E2936}.Release|Any CPU.Build.0 = Release|Any CPU
	EndGlobalSection
	GlobalSection(SolutionProperties) = preSolution
		HideSolutionNode = FALSE
	EndGlobalSection
	GlobalSection(ExtensibilityGlobals) = postSolution
		SolutionGuid = {CEA33D6C-98F1-44DF-8F52-BEE485E352FF}
	EndGlobalSection
EndGlobal
